Microsoft Visual Studio Solution File, Format Version 12.00
# Visual Studio 14
VisualStudioVersion = 14.0.24720.0
MinimumVisualStudioVersion = 10.0.40219.1
Project("{8BC9CEB8-8B4A-11D0-8D11-00A0C91BC942}") = "cl_dll.dll", "cl_dll\cl_dll.vcxproj", "{665C1DAF-9248-E06F-4E5C-A664BAFDE9D8}"
EndProject
Project("{8BC9CEB8-8B4A-11D0-8D11-00A0C91BC942}") = "ns.dll", "dlls\hl.vcxproj", "{BC87A180-F17B-83FC-5D7D-470FAD003ABC}"
EndProject
Global
	GlobalSection(SolutionConfigurationPlatforms) = preSolution
		Developer - debug|Win32 = Developer - debug|Win32
		Developer - release|Win32 = Developer - release|Win32
		Playtest - balance disabled|Win32 = Playtest - balance disabled|Win32
		Playtest|Win32 = Playtest|Win32
	EndGlobalSection
	GlobalSection(ProjectConfigurationPlatforms) = postSolution
		{665C1DAF-9248-E06F-4E5C-A664BAFDE9D8}.Developer - debug|Win32.ActiveCfg = Playtest|Win32
		{665C1DAF-9248-E06F-4E5C-A664BAFDE9D8}.Developer - debug|Win32.Build.0 = Playtest|Win32
		{665C1DAF-9248-E06F-4E5C-A664BAFDE9D8}.Developer - release|Win32.ActiveCfg = Playtest|Win32
		{665C1DAF-9248-E06F-4E5C-A664BAFDE9D8}.Developer - release|Win32.Build.0 = Playtest|Win32
		{665C1DAF-9248-E06F-4E5C-A664BAFDE9D8}.Playtest - balance disabled|Win32.ActiveCfg = Playtest|Win32
		{665C1DAF-9248-E06F-4E5C-A664BAFDE9D8}.Playtest - balance disabled|Win32.Build.0 = Playtest|Win32
		{665C1DAF-9248-E06F-4E5C-A664BAFDE9D8}.Playtest|Win32.ActiveCfg = Playtest|Win32
		{665C1DAF-9248-E06F-4E5C-A664BAFDE9D8}.Playtest|Win32.Build.0 = Playtest|Win32
		{BC87A180-F17B-83FC-5D7D-470FAD003ABC}.Developer - debug|Win32.ActiveCfg = Developer - debug|Win32
		{BC87A180-F17B-83FC-5D7D-470FAD003ABC}.Developer - release|Win32.ActiveCfg = Developer - release|Win32
		{BC87A180-F17B-83FC-5D7D-470FAD003ABC}.Playtest - balance disabled|Win32.ActiveCfg = Playtest - balance disabled|Win32
		{BC87A180-F17B-83FC-5D7D-470FAD003ABC}.Playtest - balance disabled|Win32.Build.0 = Playtest - balance disabled|Win32
		{BC87A180-F17B-83FC-5D7D-470FAD003ABC}.Playtest|Win32.ActiveCfg = Playtest|Win32
		{BC87A180-F17B-83FC-5D7D-470FAD003ABC}.Playtest|Win32.Build.0 = Playtest|Win32
	EndGlobalSection
	GlobalSection(SolutionProperties) = preSolution
		HideSolutionNode = FALSE
	EndGlobalSection
EndGlobal
